// !$*UTF8*$!
{
	archiveVersion = 1;
	classes = {
	};
	objectVersion = 46;
	objects = {

/* Begin PBXBuildFile section */
		3F2C9F4A1E63735000614CB5 /* MinimalForms.framework in Frameworks */ = {isa = PBXBuildFile; fileRef = 3F2C9F401E63735000614CB5 /* MinimalForms.framework */; };
		3F2C9F5B1E63743100614CB5 /* MinimalForms.h in Headers */ = {isa = PBXBuildFile; fileRef = 3F2C9F5A1E63743100614CB5 /* MinimalForms.h */; settings = {ATTRIBUTES = (Public, ); }; };
		3F2C9F5D1E6421F400614CB5 /* MinimalFormsTests.swift in Sources */ = {isa = PBXBuildFile; fileRef = 3F2C9F5C1E6421F400614CB5 /* MinimalFormsTests.swift */; };
		3F2C9F621E6422F400614CB5 /* ButtonCell.swift in Sources */ = {isa = PBXBuildFile; fileRef = 3F2C9F5E1E6422F400614CB5 /* ButtonCell.swift */; };
		3F2C9F631E6422F400614CB5 /* DetailCell.swift in Sources */ = {isa = PBXBuildFile; fileRef = 3F2C9F5F1E6422F400614CB5 /* DetailCell.swift */; };
		3F2C9F641E6422F400614CB5 /* SwitchCell.swift in Sources */ = {isa = PBXBuildFile; fileRef = 3F2C9F601E6422F400614CB5 /* SwitchCell.swift */; };
		3F2C9F651E6422F400614CB5 /* TextFieldCell.swift in Sources */ = {isa = PBXBuildFile; fileRef = 3F2C9F611E6422F400614CB5 /* TextFieldCell.swift */; };
/* End PBXBuildFile section */

/* Begin PBXContainerItemProxy section */
		3F2C9F4B1E63735000614CB5 /* PBXContainerItemProxy */ = {
			isa = PBXContainerItemProxy;
			containerPortal = 3F2C9F351E6371F800614CB5 /* Project object */;
			proxyType = 1;
			remoteGlobalIDString = 3F2C9F3F1E63735000614CB5;
			remoteInfo = MinimalForms;
		};
/* End PBXContainerItemProxy section */

/* Begin PBXFileReference section */
		3F2C9F401E63735000614CB5 /* MinimalForms.framework */ = {isa = PBXFileReference; explicitFileType = wrapper.framework; includeInIndex = 0; path = MinimalForms.framework; sourceTree = BUILT_PRODUCTS_DIR; };
		3F2C9F491E63735000614CB5 /* MinimalFormsTests.xctest */ = {isa = PBXFileReference; explicitFileType = wrapper.cfbundle; includeInIndex = 0; path = MinimalFormsTests.xctest; sourceTree = BUILT_PRODUCTS_DIR; };
		3F2C9F501E63735000614CB5 /* Info.plist */ = {isa = PBXFileReference; lastKnownFileType = text.plist.xml; name = Info.plist; path = ../Tests/MinimalForms/Info.plist; sourceTree = "<group>"; };
		3F2C9F581E63742300614CB5 /* Info.plist */ = {isa = PBXFileReference; fileEncoding = 4; lastKnownFileType = text.plist.xml; name = Info.plist; path = Sources/MinimalForms/Info.plist; sourceTree = SOURCE_ROOT; };
		3F2C9F5A1E63743100614CB5 /* MinimalForms.h */ = {isa = PBXFileReference; fileEncoding = 4; lastKnownFileType = sourcecode.c.h; name = MinimalForms.h; path = Sources/MinimalFormsObjC/MinimalForms.h; sourceTree = SOURCE_ROOT; };
		3F2C9F5C1E6421F400614CB5 /* MinimalFormsTests.swift */ = {isa = PBXFileReference; fileEncoding = 4; lastKnownFileType = sourcecode.swift; name = MinimalFormsTests.swift; path = Tests/MinimalForms/MinimalFormsTests.swift; sourceTree = SOURCE_ROOT; };
		3F2C9F5E1E6422F400614CB5 /* ButtonCell.swift */ = {isa = PBXFileReference; fileEncoding = 4; lastKnownFileType = sourcecode.swift; name = ButtonCell.swift; path = Sources/MinimalForms/Cells/ButtonCell.swift; sourceTree = SOURCE_ROOT; };
		3F2C9F5F1E6422F400614CB5 /* DetailCell.swift */ = {isa = PBXFileReference; fileEncoding = 4; lastKnownFileType = sourcecode.swift; name = DetailCell.swift; path = Sources/MinimalForms/Cells/DetailCell.swift; sourceTree = SOURCE_ROOT; };
		3F2C9F601E6422F400614CB5 /* SwitchCell.swift */ = {isa = PBXFileReference; fileEncoding = 4; lastKnownFileType = sourcecode.swift; name = SwitchCell.swift; path = Sources/MinimalForms/Cells/SwitchCell.swift; sourceTree = SOURCE_ROOT; };
		3F2C9F611E6422F400614CB5 /* TextFieldCell.swift */ = {isa = PBXFileReference; fileEncoding = 4; lastKnownFileType = sourcecode.swift; name = TextFieldCell.swift; path = Sources/MinimalForms/Cells/TextFieldCell.swift; sourceTree = SOURCE_ROOT; };
/* End PBXFileReference section */

/* Begin PBXFrameworksBuildPhase section */
		3F2C9F3C1E63735000614CB5 /* Frameworks */ = {
			isa = PBXFrameworksBuildPhase;
			buildActionMask = 2147483647;
			files = (
			);
			runOnlyForDeploymentPostprocessing = 0;
		};
		3F2C9F461E63735000614CB5 /* Frameworks */ = {
			isa = PBXFrameworksBuildPhase;
			buildActionMask = 2147483647;
			files = (
				3F2C9F4A1E63735000614CB5 /* MinimalForms.framework in Frameworks */,
			);
			runOnlyForDeploymentPostprocessing = 0;
		};
/* End PBXFrameworksBuildPhase section */

/* Begin PBXGroup section */
		3F2C9F341E6371F800614CB5 = {
			isa = PBXGroup;
			children = (
				3F2C9F421E63735000614CB5 /* MinimalForms */,
				3F2C9F4D1E63735000614CB5 /* MinimalFormsTests */,
				3F2C9F411E63735000614CB5 /* Products */,
			);
			indentWidth = 2;
			sourceTree = "<group>";
			tabWidth = 2;
		};
		3F2C9F411E63735000614CB5 /* Products */ = {
			isa = PBXGroup;
			children = (
				3F2C9F401E63735000614CB5 /* MinimalForms.framework */,
				3F2C9F491E63735000614CB5 /* MinimalFormsTests.xctest */,
			);
			name = Products;
			sourceTree = "<group>";
		};
		3F2C9F421E63735000614CB5 /* MinimalForms */ = {
			isa = PBXGroup;
			children = (
				3F2C9F5E1E6422F400614CB5 /* ButtonCell.swift */,
				3F2C9F5F1E6422F400614CB5 /* DetailCell.swift */,
				3F2C9F601E6422F400614CB5 /* SwitchCell.swift */,
				3F2C9F611E6422F400614CB5 /* TextFieldCell.swift */,
				3F2C9F5A1E63743100614CB5 /* MinimalForms.h */,
				3F2C9F581E63742300614CB5 /* Info.plist */,
			);
			path = MinimalForms;
			sourceTree = "<group>";
		};
		3F2C9F4D1E63735000614CB5 /* MinimalFormsTests */ = {
			isa = PBXGroup;
			children = (
				3F2C9F5C1E6421F400614CB5 /* MinimalFormsTests.swift */,
				3F2C9F501E63735000614CB5 /* Info.plist */,
			);
			path = MinimalFormsTests;
			sourceTree = "<group>";
		};
/* End PBXGroup section */

/* Begin PBXHeadersBuildPhase section */
		3F2C9F3D1E63735000614CB5 /* Headers */ = {
			isa = PBXHeadersBuildPhase;
			buildActionMask = 2147483647;
			files = (
				3F2C9F5B1E63743100614CB5 /* MinimalForms.h in Headers */,
			);
			runOnlyForDeploymentPostprocessing = 0;
		};
/* End PBXHeadersBuildPhase section */

/* Begin PBXNativeTarget section */
		3F2C9F3F1E63735000614CB5 /* MinimalForms */ = {
			isa = PBXNativeTarget;
			buildConfigurationList = 3F2C9F561E63735000614CB5 /* Build configuration list for PBXNativeTarget "MinimalForms" */;
			buildPhases = (
				3F2C9F3B1E63735000614CB5 /* Sources */,
				3F2C9F3C1E63735000614CB5 /* Frameworks */,
				3F2C9F3D1E63735000614CB5 /* Headers */,
				3F2C9F3E1E63735000614CB5 /* Resources */,
			);
			buildRules = (
			);
			dependencies = (
			);
			name = MinimalForms;
			productName = MinimalForms;
			productReference = 3F2C9F401E63735000614CB5 /* MinimalForms.framework */;
			productType = "com.apple.product-type.framework";
		};
		3F2C9F481E63735000614CB5 /* MinimalFormsTests */ = {
			isa = PBXNativeTarget;
			buildConfigurationList = 3F2C9F571E63735000614CB5 /* Build configuration list for PBXNativeTarget "MinimalFormsTests" */;
			buildPhases = (
				3F2C9F451E63735000614CB5 /* Sources */,
				3F2C9F461E63735000614CB5 /* Frameworks */,
				3F2C9F471E63735000614CB5 /* Resources */,
			);
			buildRules = (
			);
			dependencies = (
				3F2C9F4C1E63735000614CB5 /* PBXTargetDependency */,
			);
			name = MinimalFormsTests;
			productName = MinimalFormsTests;
			productReference = 3F2C9F491E63735000614CB5 /* MinimalFormsTests.xctest */;
			productType = "com.apple.product-type.bundle.unit-test";
		};
/* End PBXNativeTarget section */

/* Begin PBXProject section */
		3F2C9F351E6371F800614CB5 /* Project object */ = {
			isa = PBXProject;
			attributes = {
				LastSwiftUpdateCheck = 0820;
				LastUpgradeCheck = 0820;
				TargetAttributes = {
					3F2C9F3F1E63735000614CB5 = {
						CreatedOnToolsVersion = 8.2.1;
						ProvisioningStyle = Automatic;
					};
					3F2C9F481E63735000614CB5 = {
						CreatedOnToolsVersion = 8.2.1;
						LastSwiftMigration = 0820;
						ProvisioningStyle = Automatic;
					};
				};
			};
			buildConfigurationList = 3F2C9F381E6371F800614CB5 /* Build configuration list for PBXProject "MinimalForms" */;
			compatibilityVersion = "Xcode 3.2";
			developmentRegion = English;
			hasScannedForEncodings = 0;
			knownRegions = (
				en,
			);
			mainGroup = 3F2C9F341E6371F800614CB5;
			productRefGroup = 3F2C9F411E63735000614CB5 /* Products */;
			projectDirPath = "";
			projectRoot = "";
			targets = (
				3F2C9F3F1E63735000614CB5 /* MinimalForms */,
				3F2C9F481E63735000614CB5 /* MinimalFormsTests */,
			);
		};
/* End PBXProject section */

/* Begin PBXResourcesBuildPhase section */
		3F2C9F3E1E63735000614CB5 /* Resources */ = {
			isa = PBXResourcesBuildPhase;
			buildActionMask = 2147483647;
			files = (
			);
			runOnlyForDeploymentPostprocessing = 0;
		};
		3F2C9F471E63735000614CB5 /* Resources */ = {
			isa = PBXResourcesBuildPhase;
			buildActionMask = 2147483647;
			files = (
			);
			runOnlyForDeploymentPostprocessing = 0;
		};
/* End PBXResourcesBuildPhase section */

/* Begin PBXSourcesBuildPhase section */
		3F2C9F3B1E63735000614CB5 /* Sources */ = {
			isa = PBXSourcesBuildPhase;
			buildActionMask = 2147483647;
			files = (
			);
			runOnlyForDeploymentPostprocessing = 0;
		};
		3F2C9F451E63735000614CB5 /* Sources */ = {
			isa = PBXSourcesBuildPhase;
			buildActionMask = 2147483647;
			files = (
				3F2C9F5D1E6421F400614CB5 /* MinimalFormsTests.swift in Sources */,
				3F2C9F641E6422F400614CB5 /* SwitchCell.swift in Sources */,
				3F2C9F621E6422F400614CB5 /* ButtonCell.swift in Sources */,
				3F2C9F631E6422F400614CB5 /* DetailCell.swift in Sources */,
				3F2C9F651E6422F400614CB5 /* TextFieldCell.swift in Sources */,
			);
			runOnlyForDeploymentPostprocessing = 0;
		};
/* End PBXSourcesBuildPhase section */

/* Begin PBXTargetDependency section */
		3F2C9F4C1E63735000614CB5 /* PBXTargetDependency */ = {
			isa = PBXTargetDependency;
			target = 3F2C9F3F1E63735000614CB5 /* MinimalForms */;
			targetProxy = 3F2C9F4B1E63735000614CB5 /* PBXContainerItemProxy */;
		};
/* End PBXTargetDependency section */

/* Begin XCBuildConfiguration section */
		3F2C9F391E6371F800614CB5 /* Debug */ = {
			isa = XCBuildConfiguration;
			buildSettings = {
			};
			name = Debug;
		};
		3F2C9F3A1E6371F800614CB5 /* Release */ = {
			isa = XCBuildConfiguration;
			buildSettings = {
			};
			name = Release;
		};
		3F2C9F521E63735000614CB5 /* Debug */ = {
			isa = XCBuildConfiguration;
			buildSettings = {
				ALWAYS_SEARCH_USER_PATHS = NO;
				CLANG_ANALYZER_NONNULL = YES;
				CLANG_CXX_LANGUAGE_STANDARD = "gnu++0x";
				CLANG_CXX_LIBRARY = "libc++";
				CLANG_ENABLE_MODULES = YES;
				CLANG_ENABLE_OBJC_ARC = YES;
				CLANG_WARN_BOOL_CONVERSION = YES;
				CLANG_WARN_CONSTANT_CONVERSION = YES;
				CLANG_WARN_DIRECT_OBJC_ISA_USAGE = YES_ERROR;
				CLANG_WARN_DOCUMENTATION_COMMENTS = YES;
				CLANG_WARN_EMPTY_BODY = YES;
				CLANG_WARN_ENUM_CONVERSION = YES;
				CLANG_WARN_INFINITE_RECURSION = YES;
				CLANG_WARN_INT_CONVERSION = YES;
				CLANG_WARN_OBJC_ROOT_CLASS = YES_ERROR;
				CLANG_WARN_SUSPICIOUS_MOVE = YES;
				CLANG_WARN_UNREACHABLE_CODE = YES;
				CLANG_WARN__DUPLICATE_METHOD_MATCH = YES;
				CODE_SIGN_IDENTITY = "";
				"CODE_SIGN_IDENTITY[sdk=iphoneos*]" = "iPhone Developer";
				COPY_PHASE_STRIP = NO;
				CURRENT_PROJECT_VERSION = 1;
				DEBUG_INFORMATION_FORMAT = dwarf;
				DEFINES_MODULE = YES;
				DYLIB_COMPATIBILITY_VERSION = 1;
				DYLIB_CURRENT_VERSION = 1;
				DYLIB_INSTALL_NAME_BASE = "@rpath";
				ENABLE_STRICT_OBJC_MSGSEND = YES;
				ENABLE_TESTABILITY = YES;
				GCC_C_LANGUAGE_STANDARD = gnu99;
				GCC_DYNAMIC_NO_PIC = NO;
				GCC_NO_COMMON_BLOCKS = YES;
				GCC_OPTIMIZATION_LEVEL = 0;
				GCC_PREPROCESSOR_DEFINITIONS = (
					"DEBUG=1",
					"$(inherited)",
				);
				GCC_WARN_64_TO_32_BIT_CONVERSION = YES;
				GCC_WARN_ABOUT_RETURN_TYPE = YES_ERROR;
				GCC_WARN_UNDECLARED_SELECTOR = YES;
				GCC_WARN_UNINITIALIZED_AUTOS = YES_AGGRESSIVE;
				GCC_WARN_UNUSED_FUNCTION = YES;
				GCC_WARN_UNUSED_VARIABLE = YES;
				INFOPLIST_FILE = Sources/MinimalForms/Info.plist;
				INSTALL_PATH = "$(LOCAL_LIBRARY_DIR)/Frameworks";
				IPHONEOS_DEPLOYMENT_TARGET = 10.2;
				LD_RUNPATH_SEARCH_PATHS = "$(inherited) @executable_path/Frameworks @loader_path/Frameworks";
				MTL_ENABLE_DEBUG_INFO = YES;
				ONLY_ACTIVE_ARCH = YES;
				PRODUCT_BUNDLE_IDENTIFIER = com.mokacoding.MinimalForms;
				PRODUCT_NAME = "$(TARGET_NAME)";
				SDKROOT = iphoneos;
				SKIP_INSTALL = YES;
				SWIFT_ACTIVE_COMPILATION_CONDITIONS = DEBUG;
				SWIFT_OPTIMIZATION_LEVEL = "-Onone";
				SWIFT_VERSION = 3.0;
				TARGETED_DEVICE_FAMILY = "1,2";
				VERSIONING_SYSTEM = "apple-generic";
				VERSION_INFO_PREFIX = "";
			};
			name = Debug;
		};
		3F2C9F531E63735000614CB5 /* Release */ = {
			isa = XCBuildConfiguration;
			buildSettings = {
				ALWAYS_SEARCH_USER_PATHS = NO;
				CLANG_ANALYZER_NONNULL = YES;
				CLANG_CXX_LANGUAGE_STANDARD = "gnu++0x";
				CLANG_CXX_LIBRARY = "libc++";
				CLANG_ENABLE_MODULES = YES;
				CLANG_ENABLE_OBJC_ARC = YES;
				CLANG_WARN_BOOL_CONVERSION = YES;
				CLANG_WARN_CONSTANT_CONVERSION = YES;
				CLANG_WARN_DIRECT_OBJC_ISA_USAGE = YES_ERROR;
				CLANG_WARN_DOCUMENTATION_COMMENTS = YES;
				CLANG_WARN_EMPTY_BODY = YES;
				CLANG_WARN_ENUM_CONVERSION = YES;
				CLANG_WARN_INFINITE_RECURSION = YES;
				CLANG_WARN_INT_CONVERSION = YES;
				CLANG_WARN_OBJC_ROOT_CLASS = YES_ERROR;
				CLANG_WARN_SUSPICIOUS_MOVE = YES;
				CLANG_WARN_UNREACHABLE_CODE = YES;
				CLANG_WARN__DUPLICATE_METHOD_MATCH = YES;
				CODE_SIGN_IDENTITY = "";
				"CODE_SIGN_IDENTITY[sdk=iphoneos*]" = "iPhone Developer";
				COPY_PHASE_STRIP = NO;
				CURRENT_PROJECT_VERSION = 1;
				DEBUG_INFORMATION_FORMAT = "dwarf-with-dsym";
				DEFINES_MODULE = YES;
				DYLIB_COMPATIBILITY_VERSION = 1;
				DYLIB_CURRENT_VERSION = 1;
				DYLIB_INSTALL_NAME_BASE = "@rpath";
				ENABLE_NS_ASSERTIONS = NO;
				ENABLE_STRICT_OBJC_MSGSEND = YES;
				GCC_C_LANGUAGE_STANDARD = gnu99;
				GCC_NO_COMMON_BLOCKS = YES;
				GCC_WARN_64_TO_32_BIT_CONVERSION = YES;
				GCC_WARN_ABOUT_RETURN_TYPE = YES_ERROR;
				GCC_WARN_UNDECLARED_SELECTOR = YES;
				GCC_WARN_UNINITIALIZED_AUTOS = YES_AGGRESSIVE;
				GCC_WARN_UNUSED_FUNCTION = YES;
				GCC_WARN_UNUSED_VARIABLE = YES;
				INFOPLIST_FILE = Sources/MinimalForms/Info.plist;
				INSTALL_PATH = "$(LOCAL_LIBRARY_DIR)/Frameworks";
				IPHONEOS_DEPLOYMENT_TARGET = 10.2;
				LD_RUNPATH_SEARCH_PATHS = "$(inherited) @executable_path/Frameworks @loader_path/Frameworks";
				MTL_ENABLE_DEBUG_INFO = NO;
				PRODUCT_BUNDLE_IDENTIFIER = com.mokacoding.MinimalForms;
				PRODUCT_NAME = "$(TARGET_NAME)";
				SDKROOT = iphoneos;
				SKIP_INSTALL = YES;
				SWIFT_OPTIMIZATION_LEVEL = "-Owholemodule";
				SWIFT_VERSION = 3.0;
				TARGETED_DEVICE_FAMILY = "1,2";
				VALIDATE_PRODUCT = YES;
				VERSIONING_SYSTEM = "apple-generic";
				VERSION_INFO_PREFIX = "";
			};
			name = Release;
		};
		3F2C9F541E63735000614CB5 /* Debug */ = {
			isa = XCBuildConfiguration;
			buildSettings = {
				ALWAYS_SEARCH_USER_PATHS = NO;
				CLANG_ANALYZER_NONNULL = YES;
				CLANG_CXX_LANGUAGE_STANDARD = "gnu++0x";
				CLANG_CXX_LIBRARY = "libc++";
				CLANG_ENABLE_MODULES = YES;
				CLANG_ENABLE_OBJC_ARC = YES;
				CLANG_WARN_BOOL_CONVERSION = YES;
				CLANG_WARN_CONSTANT_CONVERSION = YES;
				CLANG_WARN_DIRECT_OBJC_ISA_USAGE = YES_ERROR;
				CLANG_WARN_DOCUMENTATION_COMMENTS = YES;
				CLANG_WARN_EMPTY_BODY = YES;
				CLANG_WARN_ENUM_CONVERSION = YES;
				CLANG_WARN_INFINITE_RECURSION = YES;
				CLANG_WARN_INT_CONVERSION = YES;
				CLANG_WARN_OBJC_ROOT_CLASS = YES_ERROR;
				CLANG_WARN_SUSPICIOUS_MOVE = YES;
				CLANG_WARN_UNREACHABLE_CODE = YES;
				CLANG_WARN__DUPLICATE_METHOD_MATCH = YES;
				"CODE_SIGN_IDENTITY[sdk=iphoneos*]" = "iPhone Developer";
				COPY_PHASE_STRIP = NO;
				DEBUG_INFORMATION_FORMAT = dwarf;
				ENABLE_STRICT_OBJC_MSGSEND = YES;
				ENABLE_TESTABILITY = YES;
				GCC_C_LANGUAGE_STANDARD = gnu99;
				GCC_DYNAMIC_NO_PIC = NO;
				GCC_NO_COMMON_BLOCKS = YES;
				GCC_OPTIMIZATION_LEVEL = 0;
				GCC_PREPROCESSOR_DEFINITIONS = (
					"DEBUG=1",
					"$(inherited)",
				);
				GCC_WARN_64_TO_32_BIT_CONVERSION = YES;
				GCC_WARN_ABOUT_RETURN_TYPE = YES_ERROR;
				GCC_WARN_UNDECLARED_SELECTOR = YES;
				GCC_WARN_UNINITIALIZED_AUTOS = YES_AGGRESSIVE;
				GCC_WARN_UNUSED_FUNCTION = YES;
				GCC_WARN_UNUSED_VARIABLE = YES;
				INFOPLIST_FILE = Tests/MinimalForms/Info.plist;
				IPHONEOS_DEPLOYMENT_TARGET = 10.2;
				LD_RUNPATH_SEARCH_PATHS = "$(inherited) @executable_path/Frameworks @loader_path/Frameworks";
				MTL_ENABLE_DEBUG_INFO = YES;
				ONLY_ACTIVE_ARCH = YES;
				PRODUCT_BUNDLE_IDENTIFIER = com.mokacoding.MinimalFormsTests;
				PRODUCT_NAME = "$(TARGET_NAME)";
				SDKROOT = iphoneos;
				SWIFT_ACTIVE_COMPILATION_CONDITIONS = DEBUG;
				SWIFT_OPTIMIZATION_LEVEL = "-Onone";
				SWIFT_VERSION = 3.0;
			};
			name = Debug;
		};
		3F2C9F551E63735000614CB5 /* Release */ = {
			isa = XCBuildConfiguration;
			buildSettings = {
				ALWAYS_SEARCH_USER_PATHS = NO;
				CLANG_ANALYZER_NONNULL = YES;
				CLANG_CXX_LANGUAGE_STANDARD = "gnu++0x";
				CLANG_CXX_LIBRARY = "libc++";
				CLANG_ENABLE_MODULES = YES;
				CLANG_ENABLE_OBJC_ARC = YES;
				CLANG_WARN_BOOL_CONVERSION = YES;
				CLANG_WARN_CONSTANT_CONVERSION = YES;
				CLANG_WARN_DIRECT_OBJC_ISA_USAGE = YES_ERROR;
				CLANG_WARN_DOCUMENTATION_COMMENTS = YES;
				CLANG_WARN_EMPTY_BODY = YES;
				CLANG_WARN_ENUM_CONVERSION = YES;
				CLANG_WARN_INFINITE_RECURSION = YES;
				CLANG_WARN_INT_CONVERSION = YES;
				CLANG_WARN_OBJC_ROOT_CLASS = YES_ERROR;
				CLANG_WARN_SUSPICIOUS_MOVE = YES;
				CLANG_WARN_UNREACHABLE_CODE = YES;
				CLANG_WARN__DUPLICATE_METHOD_MATCH = YES;
				"CODE_SIGN_IDENTITY[sdk=iphoneos*]" = "iPhone Developer";
				COPY_PHASE_STRIP = NO;
				DEBUG_INFORMATION_FORMAT = "dwarf-with-dsym";
				ENABLE_NS_ASSERTIONS = NO;
				ENABLE_STRICT_OBJC_MSGSEND = YES;
				GCC_C_LANGUAGE_STANDARD = gnu99;
				GCC_NO_COMMON_BLOCKS = YES;
				GCC_WARN_64_TO_32_BIT_CONVERSION = YES;
				GCC_WARN_ABOUT_RETURN_TYPE = YES_ERROR;
				GCC_WARN_UNDECLARED_SELECTOR = YES;
				GCC_WARN_UNINITIALIZED_AUTOS = YES_AGGRESSIVE;
				GCC_WARN_UNUSED_FUNCTION = YES;
				GCC_WARN_UNUSED_VARIABLE = YES;
				INFOPLIST_FILE = Tests/MinimalForms/Info.plist;
				IPHONEOS_DEPLOYMENT_TARGET = 10.2;
				LD_RUNPATH_SEARCH_PATHS = "$(inherited) @executable_path/Frameworks @loader_path/Frameworks";
				MTL_ENABLE_DEBUG_INFO = NO;
				PRODUCT_BUNDLE_IDENTIFIER = com.mokacoding.MinimalFormsTests;
				PRODUCT_NAME = "$(TARGET_NAME)";
				SDKROOT = iphoneos;
				SWIFT_OPTIMIZATION_LEVEL = "-Owholemodule";
				SWIFT_VERSION = 3.0;
				VALIDATE_PRODUCT = YES;
			};
			name = Release;
		};
/* End XCBuildConfiguration section */

/* Begin XCConfigurationList section */
		3F2C9F381E6371F800614CB5 /* Build configuration list for PBXProject "MinimalForms" */ = {
			isa = XCConfigurationList;
			buildConfigurations = (
				3F2C9F391E6371F800614CB5 /* Debug */,
				3F2C9F3A1E6371F800614CB5 /* Release */,
			);
			defaultConfigurationIsVisible = 0;
			defaultConfigurationName = Release;
		};
		3F2C9F561E63735000614CB5 /* Build configuration list for PBXNativeTarget "MinimalForms" */ = {
			isa = XCConfigurationList;
			buildConfigurations = (
				3F2C9F521E63735000614CB5 /* Debug */,
				3F2C9F531E63735000614CB5 /* Release */,
			);
			defaultConfigurationIsVisible = 0;
			defaultConfigurationName = Release;
		};
		3F2C9F571E63735000614CB5 /* Build configuration list for PBXNativeTarget "MinimalFormsTests" */ = {
			isa = XCConfigurationList;
			buildConfigurations = (
				3F2C9F541E63735000614CB5 /* Debug */,
				3F2C9F551E63735000614CB5 /* Release */,
			);
			defaultConfigurationIsVisible = 0;
			defaultConfigurationName = Release;
		};
/* End XCConfigurationList section */
	};
	rootObject = 3F2C9F351E6371F800614CB5 /* Project object */;
}
